{
  "name": "external_packages",
  "version": "1.0.0",
  "lockfileVersion": 3,
  "requires": true,
  "packages": {
    "": {
      "name": "external_packages",
      "version": "1.0.0",
      "license": "ISC",
      "dependencies": {
        "chalk": "^5.6.2",
        "figlet": "^1.11.3"
      }
    },
    "node_modules/chalk": {
      "version": "5.6.2",
      "resolved": "https://registry.npmjs.org/chalk/-/chalk-5.6.2.tgz",
      "integrity": "sha512-7NzBL0rN6fMUW+f7A6Io4h40qQlG+xGmtMxfbnH/K7TAtt8JQWVQK+6g0UXKMeVJoyV5EkkNsErQ8pVD3bLHbA==",
      "license": "MIT",
      "engines": {
        "node": "^12.17.0 || ^14.13 || >=16.0.0"
      },
      "funding": {
        "url": "https://github.com/chalk/chalk?sponsor=1"
      }
    },
    "node_modules/commander": {
      "version": "14.0.3",
      "resolved": "https://registry.npmjs.org/commander/-/commander-14.0.3.tgz",
      "integrity": "sha512-H+y0Jo/T1RZ9qPP4Eh1pkcQcLRglraJaSLoyOtHxu6AapkjWVCy2Sit1QQ4x3Dng8qDlSsZEet7g5Pq06MvTgw==",
      "license": "MIT",
      "engines": {
        "node": ">=20"
      }
    },
    "node_modules/figlet": {
      "version": "1.11.3",
      "resolved": "https://registry.npmjs.org/figlet/-/figlet-1.11.3.tgz",
      "integrity": "sha512-7+OS4S6VjQXI2XRvfZlOdHhItd25lI0NgrR1j5UHfuyZfmMh44v65tMQUlb2bSriYGPCHAtGhuY5u23vqelvmg==",
      "license": "MIT",
      "dependencies": {
        "commander": "^14.0.0"
      },
      "bin": {
        "figlet": "bin/index.js"
      },
      "engines": {
        "node": ">= 17.0.0"
      }
    }
  }
}
